
Microsoft Visual Studio Solution File, Format Version 12.00
# Visual Studio 15
VisualStudioVersion = 15.0.26730.15
MinimumVisualStudioVersion = 10.0.40219.1
Project("{FAE04EC0-301F-11D3-BF4B-00C04F79EFBC}") = "AppiOS", "AppiOS\AppiOS.csproj", "{F0E08E4C-FF2D-41A3-913E-892FE51AB39B}"
EndProject
Project("{FAE04EC0-301F-11D3-BF4B-00C04F79EFBC}") = "PCL", "PCL\PCL.csproj", "{D2A13A39-2F91-448F-A861-AD314B699E2F}"
EndProject
Project("{2150E333-8FDC-42A3-9474-1A3956D46DE8}") = "Solution Items", "Solution Items", "{FEBC0578-F5EE-4B20-A32A-92377431DF81}"
	ProjectSection(SolutionItems) = preProject
		Readme.md = Readme.md
	EndProjectSection
EndProject
Global
	GlobalSection(SolutionConfigurationPlatforms) = preSolution
		Ad-Hoc|Any CPU = Ad-Hoc|Any CPU
		Ad-Hoc|iPhone = Ad-Hoc|iPhone
		Ad-Hoc|iPhoneSimulator = Ad-Hoc|iPhoneSimulator
		AppStore|Any CPU = AppStore|Any CPU
		AppStore|iPhone = AppStore|iPhone
		AppStore|iPhoneSimulator = AppStore|iPhoneSimulator
		Debug|Any CPU = Debug|Any CPU
		Debug|iPhone = Debug|iPhone
		Debug|iPhoneSimulator = Debug|iPhoneSimulator
		Release|Any CPU = Release|Any CPU
		Release|iPhone = Release|iPhone
		Release|iPhoneSimulator = Release|iPhoneSimulator
	EndGlobalSection
	GlobalSection(ProjectConfigurationPlatforms) = postSolution
		{F0E08E4C-FF2D-41A3-913E-892FE51AB39B}.Ad-Hoc|Any CPU.ActiveCfg = Ad-Hoc|iPhone
		{F0E08E4C-FF2D-41A3-913E-892FE51AB39B}.Ad-Hoc|iPhone.ActiveCfg = Ad-Hoc|iPhone
		{F0E08E4C-FF2D-41A3-913E-892FE51AB39B}.Ad-Hoc|iPhone.Build.0 = Ad-Hoc|iPhone
		{F0E08E4C-FF2D-41A3-913E-892FE51AB39B}.Ad-Hoc|iPhoneSimulator.ActiveCfg = Ad-Hoc|iPhoneSimulator
		{F0E08E4C-FF2D-41A3-913E-892FE51AB39B}.Ad-Hoc|iPhoneSimulator.Build.0 = Ad-Hoc|iPhoneSimulator
		{F0E08E4C-FF2D-41A3-913E-892FE51AB39B}.AppStore|Any CPU.ActiveCfg = AppStore|iPhone
		{F0E08E4C-FF2D-41A3-913E-892FE51AB39B}.AppStore|iPhone.ActiveCfg = AppStore|iPhone
		{F0E08E4C-FF2D-41A3-913E-892FE51AB39B}.AppStore|iPhone.Build.0 = AppStore|iPhone
		{F0E08E4C-FF2D-41A3-913E-892FE51AB39B}.AppStore|iPhoneSimulator.ActiveCfg = AppStore|iPhoneSimulator
		{F0E08E4C-FF2D-41A3-913E-892FE51AB39B}.AppStore|iPhoneSimulator.Build.0 = AppStore|iPhoneSimulator
		{F0E08E4C-FF2D-41A3-913E-892FE51AB39B}.Debug|Any CPU.ActiveCfg = Debug|iPhone
		{F0E08E4C-FF2D-41A3-913E-892FE51AB39B}.Debug|iPhone.ActiveCfg = Debug|iPhone
		{F0E08E4C-FF2D-41A3-913E-892FE51AB39B}.Debug|iPhone.Build.0 = Debug|iPhone
		{F0E08E4C-FF2D-41A3-913E-892FE51AB39B}.Debug|iPhoneSimulator.ActiveCfg = Debug|iPhoneSimulator
		{F0E08E4C-FF2D-41A3-913E-892FE51AB39B}.Debug|iPhoneSimulator.Build.0 = Debug|iPhoneSimulator
		{F0E08E4C-FF2D-41A3-913E-892FE51AB39B}.Release|Any CPU.ActiveCfg = Release|iPhone
		{F0E08E4C-FF2D-41A3-913E-892FE51AB39B}.Release|iPhone.ActiveCfg = Release|iPhone
		{F0E08E4C-FF2D-41A3-913E-892FE51AB39B}.Release|iPhone.Build.0 = Release|iPhone
		{F0E08E4C-FF2D-41A3-913E-892FE51AB39B}.Release|iPhoneSimulator.ActiveCfg = Release|iPhoneSimulator
		{F0E08E4C-FF2D-41A3-913E-892FE51AB39B}.Release|iPhoneSimulator.Build.0 = Release|iPhoneSimulator
		{D2A13A39-2F91-448F-A861-AD314B699E2F}.Ad-Hoc|Any CPU.ActiveCfg = Debug|Any CPU
		{D2A13A39-2F91-448F-A861-AD314B699E2F}.Ad-Hoc|Any CPU.Build.0 = Debug|Any CPU
		{D2A13A39-2F91-448F-A861-AD314B699E2F}.Ad-Hoc|iPhone.ActiveCfg = Debug|Any CPU
		{D2A13A39-2F91-448F-A861-AD314B699E2F}.Ad-Hoc|iPhone.Build.0 = Debug|Any CPU
		{D2A13A39-2F91-448F-A861-AD314B699E2F}.Ad-Hoc|iPhoneSimulator.ActiveCfg = Debug|Any CPU
		{D2A13A39-2F91-448F-A861-AD314B699E2F}.Ad-Hoc|iPhoneSimulator.Build.0 = Debug|Any CPU
		{D2A13A39-2F91-448F-A861-AD314B699E2F}.AppStore|Any CPU.ActiveCfg = Debug|Any CPU
		{D2A13A39-2F91-448F-A861-AD314B699E2F}.AppStore|Any CPU.Build.0 = Debug|Any CPU
		{D2A13A39-2F91-448F-A861-AD314B699E2F}.AppStore|iPhone.ActiveCfg = Debug|Any CPU
		{D2A13A39-2F91-448F-A861-AD314B699E2F}.AppStore|iPhone.Build.0 = Debug|Any CPU
		{D2A13A39-2F91-448F-A861-AD314B699E2F}.AppStore|iPhoneSimulator.ActiveCfg = Debug|Any CPU
		{D2A13A39-2F91-448F-A861-AD314B699E2F}.AppStore|iPhoneSimulator.Build.0 = Debug|Any CPU
		{D2A13A39-2F91-448F-A861-AD314B699E2F}.Debug|Any CPU.ActiveCfg = Debug|Any CPU
		{D2A13A39-2F91-448F-A861-AD314B699E2F}.Debug|Any CPU.Build.0 = Debug|Any CPU
		{D2A13A39-2F91-448F-A861-AD314B699E2F}.Debug|iPhone.ActiveCfg = Debug|Any CPU
		{D2A13A39-2F91-448F-A861-AD314B699E2F}.Debug|iPhone.Build.0 = Debug|Any CPU
		{D2A13A39-2F91-448F-A861-AD314B699E2F}.Debug|iPhoneSimulator.ActiveCfg = Debug|Any CPU
		{D2A13A39-2F91-448F-A861-AD314B699E2F}.Debug|iPhoneSimulator.Build.0 = Debug|Any CPU
		{D2A13A39-2F91-448F-A861-AD314B699E2F}.Release|Any CPU.ActiveCfg = Release|Any CPU
		{D2A13A39-2F91-448F-A861-AD314B699E2F}.Release|Any CPU.Build.0 = Release|Any CPU
		{D2A13A39-2F91-448F-A861-AD314B699E2F}.Release|iPhone.ActiveCfg = Release|Any CPU
		{D2A13A39-2F91-448F-A861-AD314B699E2F}.Release|iPhone.Build.0 = Release|Any CPU
		{D2A13A39-2F91-448F-A861-AD314B699E2F}.Release|iPhoneSimulator.ActiveCfg = Release|Any CPU
		{D2A13A39-2F91-448F-A861-AD314B699E2F}.Release|iPhoneSimulator.Build.0 = Release|Any CPU
	EndGlobalSection
	GlobalSection(SolutionProperties) = preSolution
		HideSolutionNode = FALSE
	EndGlobalSection
	GlobalSection(ExtensibilityGlobals) = postSolution
		SolutionGuid = {7871559A-FC4F-44D7-9914-350F52C6D7CA}
	EndGlobalSection
EndGlobal
